
Microsoft Visual Studio Solution File, Format Version 12.00
# Visual Studio Version 16
VisualStudioVersion = 16.0.29324.140
MinimumVisualStudioVersion = 10.0.40219.1
Project("{FAE04EC0-301F-11D3-BF4B-00C04F79EFBC}") = "HHCoApps.Services", "src\HHCoApps.Services\HHCoApps.Services.csproj", "{FE048EAA-DCD3-4D17-BBB7-62B312C1D299}"
EndProject
Project("{FAE04EC0-301F-11D3-BF4B-00C04F79EFBC}") = "HHCoApps.Libs", "src\HHCoApps.Libs\HHCoApps.Libs.csproj", "{C9015688-D621-41EB-9D80-549C015F7E7A}"
EndProject
Project("{FAE04EC0-301F-11D3-BF4B-00C04F79EFBC}") = "WareHouseApps", "src\WareHouseApps\WareHouseApps.csproj", "{40A38426-C968-4404-BCAD-356EE731D8C6}"
EndProject
Project("{FAE04EC0-301F-11D3-BF4B-00C04F79EFBC}") = "HHCoApps.Repository", "src\HHCoApps.Repository\HHCoApps.Repository.csproj", "{489BEFA8-5AF6-4D20-9E00-C2D6F082CFBF}"
EndProject
Project("{FAE04EC0-301F-11D3-BF4B-00C04F79EFBC}") = "HHCoApps.Core", "src\HHCoApps.Core\HHCoApps.Core.csproj", "{57252D86-FBF7-44C6-9CF1-B2F3EAAB8813}"
EndProject
Project("{2150E333-8FDC-42A3-9474-1A3956D46DE8}") = "Database", "Database", "{7F5D6D1D-A1C9-4C1E-92FE-F75A64AD86A4}"
EndProject
Project("{00D1A9C2-B5F0-4AF3-8072-F6C62B433612}") = "Database", "Database\Database.sqlproj", "{4F0868AF-9418-4AB3-87F6-39BD9C83554E}"
EndProject
Project("{2150E333-8FDC-42A3-9474-1A3956D46DE8}") = "HHCoApps", "HHCoApps", "{D7D0EAB2-AC72-4EC8-8494-F70B7D0A6184}"
EndProject
Project("{2150E333-8FDC-42A3-9474-1A3956D46DE8}") = "Internal Tools", "Internal Tools", "{B85E6ACD-2263-4531-8DF4-257ADFE6BF42}"
EndProject
Project("{2150E333-8FDC-42A3-9474-1A3956D46DE8}") = "External Tools", "External Tools", "{C95F411E-3CFA-4840-98F7-D08B19D2843D}"
EndProject
Project("{FAE04EC0-301F-11D3-BF4B-00C04F79EFBC}") = "HHCoApps.CMSWeb", "src\HHCoApps.CMSWeb\HHCoApps.CMSWeb.csproj", "{818D83FD-EF9A-4C73-A857-91FCE0A02282}"
EndProject
Global
	GlobalSection(SolutionConfigurationPlatforms) = preSolution
		Debug|Any CPU = Debug|Any CPU
		Release|Any CPU = Release|Any CPU
	EndGlobalSection
	GlobalSection(ProjectConfigurationPlatforms) = postSolution
		{FE048EAA-DCD3-4D17-BBB7-62B312C1D299}.Debug|Any CPU.ActiveCfg = Debug|Any CPU
		{FE048EAA-DCD3-4D17-BBB7-62B312C1D299}.Debug|Any CPU.Build.0 = Debug|Any CPU
		{FE048EAA-DCD3-4D17-BBB7-62B312C1D299}.Release|Any CPU.ActiveCfg = Release|Any CPU
		{FE048EAA-DCD3-4D17-BBB7-62B312C1D299}.Release|Any CPU.Build.0 = Release|Any CPU
		{C9015688-D621-41EB-9D80-549C015F7E7A}.Debug|Any CPU.ActiveCfg = Debug|Any CPU
		{C9015688-D621-41EB-9D80-549C015F7E7A}.Debug|Any CPU.Build.0 = Debug|Any CPU
		{C9015688-D621-41EB-9D80-549C015F7E7A}.Release|Any CPU.ActiveCfg = Release|Any CPU
		{C9015688-D621-41EB-9D80-549C015F7E7A}.Release|Any CPU.Build.0 = Release|Any CPU
		{40A38426-C968-4404-BCAD-356EE731D8C6}.Debug|Any CPU.ActiveCfg = Debug|Any CPU
		{40A38426-C968-4404-BCAD-356EE731D8C6}.Debug|Any CPU.Build.0 = Debug|Any CPU
		{40A38426-C968-4404-BCAD-356EE731D8C6}.Release|Any CPU.ActiveCfg = Release|Any CPU
		{40A38426-C968-4404-BCAD-356EE731D8C6}.Release|Any CPU.Build.0 = Release|Any CPU
		{489BEFA8-5AF6-4D20-9E00-C2D6F082CFBF}.Debug|Any CPU.ActiveCfg = Debug|Any CPU
		{489BEFA8-5AF6-4D20-9E00-C2D6F082CFBF}.Debug|Any CPU.Build.0 = Debug|Any CPU
		{489BEFA8-5AF6-4D20-9E00-C2D6F082CFBF}.Release|Any CPU.ActiveCfg = Release|Any CPU
		{489BEFA8-5AF6-4D20-9E00-C2D6F082CFBF}.Release|Any CPU.Build.0 = Release|Any CPU
		{57252D86-FBF7-44C6-9CF1-B2F3EAAB8813}.Debug|Any CPU.ActiveCfg = Debug|Any CPU
		{57252D86-FBF7-44C6-9CF1-B2F3EAAB8813}.Debug|Any CPU.Build.0 = Debug|Any CPU
		{57252D86-FBF7-44C6-9CF1-B2F3EAAB8813}.Release|Any CPU.ActiveCfg = Release|Any CPU
		{57252D86-FBF7-44C6-9CF1-B2F3EAAB8813}.Release|Any CPU.Build.0 = Release|Any CPU
		{4F0868AF-9418-4AB3-87F6-39BD9C83554E}.Debug|Any CPU.ActiveCfg = Debug|Any CPU
		{4F0868AF-9418-4AB3-87F6-39BD9C83554E}.Debug|Any CPU.Build.0 = Debug|Any CPU
		{4F0868AF-9418-4AB3-87F6-39BD9C83554E}.Debug|Any CPU.Deploy.0 = Debug|Any CPU
		{4F0868AF-9418-4AB3-87F6-39BD9C83554E}.Release|Any CPU.ActiveCfg = Release|Any CPU
		{4F0868AF-9418-4AB3-87F6-39BD9C83554E}.Release|Any CPU.Build.0 = Release|Any CPU
		{4F0868AF-9418-4AB3-87F6-39BD9C83554E}.Release|Any CPU.Deploy.0 = Release|Any CPU
		{818D83FD-EF9A-4C73-A857-91FCE0A02282}.Debug|Any CPU.ActiveCfg = Debug|Any CPU
		{818D83FD-EF9A-4C73-A857-91FCE0A02282}.Debug|Any CPU.Build.0 = Debug|Any CPU
		{818D83FD-EF9A-4C73-A857-91FCE0A02282}.Release|Any CPU.ActiveCfg = Release|Any CPU
		{818D83FD-EF9A-4C73-A857-91FCE0A02282}.Release|Any CPU.Build.0 = Release|Any CPU
	EndGlobalSection
	GlobalSection(SolutionProperties) = preSolution
		HideSolutionNode = FALSE
	EndGlobalSection
	GlobalSection(NestedProjects) = preSolution
		{FE048EAA-DCD3-4D17-BBB7-62B312C1D299} = {D7D0EAB2-AC72-4EC8-8494-F70B7D0A6184}
		{C9015688-D621-41EB-9D80-549C015F7E7A} = {D7D0EAB2-AC72-4EC8-8494-F70B7D0A6184}
		{40A38426-C968-4404-BCAD-356EE731D8C6} = {B85E6ACD-2263-4531-8DF4-257ADFE6BF42}
		{489BEFA8-5AF6-4D20-9E00-C2D6F082CFBF} = {D7D0EAB2-AC72-4EC8-8494-F70B7D0A6184}
		{57252D86-FBF7-44C6-9CF1-B2F3EAAB8813} = {D7D0EAB2-AC72-4EC8-8494-F70B7D0A6184}
		{4F0868AF-9418-4AB3-87F6-39BD9C83554E} = {7F5D6D1D-A1C9-4C1E-92FE-F75A64AD86A4}
		{818D83FD-EF9A-4C73-A857-91FCE0A02282} = {C95F411E-3CFA-4840-98F7-D08B19D2843D}
	EndGlobalSection
	GlobalSection(ExtensibilityGlobals) = postSolution
		SolutionGuid = {269F4130-5AE8-4CF4-B880-04B267A3AFBF}
	EndGlobalSection
EndGlobal
